
Microsoft Visual Studio Solution File, Format Version 12.00
# Visual Studio Version 17
VisualStudioVersion = 17.3.32825.248
MinimumVisualStudioVersion = 10.0.40219.1
Project("{9A19103F-16F7-4668-BE54-9A1E7A4F7556}") = "GoodweCrawler", "GoodweCrawler.csproj", "{C42EC067-541D-4F6D-9BC7-10DC4FAC4EFF}"
EndProject
Project("{FAE04EC0-301F-11D3-BF4B-00C04F79EFBC}") = "GoodweCrawler.Tests", "..\GoodweCrawler.Tests\GoodweCrawler.Tests.csproj", "{01C19C5A-E4A2-4EB7-BAE3-188EBC4673C1}"
EndProject
Global
	GlobalSection(SolutionConfigurationPlatforms) = preSolution
		Debug|Any CPU = Debug|Any CPU
		Release|Any CPU = Release|Any CPU
	EndGlobalSection
	GlobalSection(ProjectConfigurationPlatforms) = postSolution
		{C42EC067-541D-4F6D-9BC7-10DC4FAC4EFF}.Debug|Any CPU.ActiveCfg = Debug|Any CPU
		{C42EC067-541D-4F6D-9BC7-10DC4FAC4EFF}.Debug|Any CPU.Build.0 = Debug|Any CPU
		{C42EC067-541D-4F6D-9BC7-10DC4FAC4EFF}.Release|Any CPU.ActiveCfg = Release|Any CPU
		{C42EC067-541D-4F6D-9BC7-10DC4FAC4EFF}.Release|Any CPU.Build.0 = Release|Any CPU
		{01C19C5A-E4A2-4EB7-BAE3-188EBC4673C1}.Debug|Any CPU.ActiveCfg = Debug|Any CPU
		{01C19C5A-E4A2-4EB7-BAE3-188EBC4673C1}.Debug|Any CPU.Build.0 = Debug|Any CPU
		{01C19C5A-E4A2-4EB7-BAE3-188EBC4673C1}.Release|Any CPU.ActiveCfg = Release|Any CPU
		{01C19C5A-E4A2-4EB7-BAE3-188EBC4673C1}.Release|Any CPU.Build.0 = Release|Any CPU
	EndGlobalSection
	GlobalSection(SolutionProperties) = preSolution
		HideSolutionNode = FALSE
	EndGlobalSection
	GlobalSection(ExtensibilityGlobals) = postSolution
		SolutionGuid = {6F7FB544-71AE-4DBA-845A-985B4F868F7A}
	EndGlobalSection
EndGlobal
